
Microsoft Visual Studio Solution File, Format Version 12.00
# Visual Studio Version 17
VisualStudioVersion = 17.4.33110.190
MinimumVisualStudioVersion = 10.0.40219.1
Project("{FAE04EC0-301F-11D3-BF4B-00C04F79EFBC}") = "zaliczenie", "zaliczenie.csproj", "{1F10B1BD-59DF-421A-889B-2BD249FEF2FE}"
EndProject
Global
	GlobalSection(SolutionConfigurationPlatforms) = preSolution
		Debug|Any CPU = Debug|Any CPU
		Release|Any CPU = Release|Any CPU
	EndGlobalSection
	GlobalSection(ProjectConfigurationPlatforms) = postSolution
		{1F10B1BD-59DF-421A-889B-2BD249FEF2FE}.Debug|Any CPU.ActiveCfg = Debug|Any CPU
		{1F10B1BD-59DF-421A-889B-2BD249FEF2FE}.Debug|Any CPU.Build.0 = Debug|Any CPU
		{1F10B1BD-59DF-421A-889B-2BD249FEF2FE}.Release|Any CPU.ActiveCfg = Release|Any CPU
		{1F10B1BD-59DF-421A-889B-2BD249FEF2FE}.Release|Any CPU.Build.0 = Release|Any CPU
	EndGlobalSection
	GlobalSection(SolutionProperties) = preSolution
		HideSolutionNode = FALSE
	EndGlobalSection
	GlobalSection(ExtensibilityGlobals) = postSolution
		SolutionGuid = {8C93D105-1490-469E-BB5F-53C5B6E92D4C}
	EndGlobalSection
EndGlobal
